
Microsoft Visual Studio Solution File, Format Version 12.00
# Visual Studio 15
VisualStudioVersion = 15.0.28010.2046
MinimumVisualStudioVersion = 10.0.40219.1
Project("{9A19103F-16F7-4668-BE54-9A1E7A4F7556}") = "Api", "src\Api\Api.csproj", "{89F7355C-B148-4104-9F1B-6D24E0056CAF}"
EndProject
Project("{9A19103F-16F7-4668-BE54-9A1E7A4F7556}") = "UnitTests", "test\UnitTests\UnitTests.csproj", "{A6E5FBAE-34DA-4B6B-ABD1-37652F8275AA}"
EndProject
Global
	GlobalSection(SolutionConfigurationPlatforms) = preSolution
		Debug|Any CPU = Debug|Any CPU
		Release|Any CPU = Release|Any CPU
	EndGlobalSection
	GlobalSection(ProjectConfigurationPlatforms) = postSolution
		{89F7355C-B148-4104-9F1B-6D24E0056CAF}.Debug|Any CPU.ActiveCfg = Debug|Any CPU
		{89F7355C-B148-4104-9F1B-6D24E0056CAF}.Debug|Any CPU.Build.0 = Debug|Any CPU
		{89F7355C-B148-4104-9F1B-6D24E0056CAF}.Release|Any CPU.ActiveCfg = Release|Any CPU
		{89F7355C-B148-4104-9F1B-6D24E0056CAF}.Release|Any CPU.Build.0 = Release|Any CPU
		{A6E5FBAE-34DA-4B6B-ABD1-37652F8275AA}.Debug|Any CPU.ActiveCfg = Debug|Any CPU
		{A6E5FBAE-34DA-4B6B-ABD1-37652F8275AA}.Debug|Any CPU.Build.0 = Debug|Any CPU
		{A6E5FBAE-34DA-4B6B-ABD1-37652F8275AA}.Release|Any CPU.ActiveCfg = Release|Any CPU
		{A6E5FBAE-34DA-4B6B-ABD1-37652F8275AA}.Release|Any CPU.Build.0 = Release|Any CPU
	EndGlobalSection
	GlobalSection(SolutionProperties) = preSolution
		HideSolutionNode = FALSE
	EndGlobalSection
	GlobalSection(ExtensibilityGlobals) = postSolution
		SolutionGuid = {5B0D9DBB-BFC6-4A7B-8E58-EC41FB209E99}
	EndGlobalSection
EndGlobal
